{
  "version": "4",
  "specifiers": {
    "npm:@sveltejs/adapter-auto@4": "4.0.0_@sveltejs+kit@2.20.4__@sveltejs+vite-plugin-svelte@5.0.3___svelte@5.25.7____acorn@8.14.1___vite@6.2.5__svelte@5.25.7___acorn@8.14.1__vite@6.2.5_@sveltejs+vite-plugin-svelte@5.0.3__svelte@5.25.7___acorn@8.14.1__vite@6.2.5_svelte@5.25.7__acorn@8.14.1_vite@6.2.5",
    "npm:@sveltejs/kit@^2.16.0": "2.20.4_@sveltejs+vite-plugin-svelte@5.0.3__svelte@5.25.7___acorn@8.14.1__vite@6.2.5_svelte@5.25.7__acorn@8.14.1_vite@6.2.5",
    "npm:@sveltejs/vite-plugin-svelte@5": "5.0.3_svelte@5.25.7__acorn@8.14.1_vite@6.2.5",
    "npm:@tailwindcss/typography@~0.5.15": "0.5.16_tailwindcss@4.1.3",
    "npm:@tailwindcss/vite@4": "4.1.3_vite@6.2.5",
    "npm:ky@^1.8.0": "1.8.0",
    "npm:query-string@^9.1.1": "9.1.1",
    "npm:svelte-check@4": "4.1.5_svelte@5.25.7__acorn@8.14.1_typescript@5.8.3",
    "npm:svelte@5": "5.25.7_acorn@8.14.1",
    "npm:tailwindcss@4": "4.1.3",
    "npm:ts-json-api@^1.2.0": "1.2.0",
    "npm:typescript@5": "5.8.3",
    "npm:vite@^6.2.5": "6.2.5"
  },
  "npm": {
    "@ampproject/remapping@2.3.0": {
      "integrity": "sha512-30iZtAPgz+LTIYoeivqYo853f02jBYSd5uGnGpkFV0M3xOt9aN73erkgYAmZU43x4VfqcnLxW9Kpg3R5LC4YYw==",
      "dependencies": [
        "@jridgewell/gen-mapping",
        "@jridgewell/trace-mapping"
      ]
    },
    "@esbuild/aix-ppc64@0.25.2": {
      "integrity": "sha512-wCIboOL2yXZym2cgm6mlA742s9QeJ8DjGVaL39dLN4rRwrOgOyYSnOaFPhKZGLb2ngj4EyfAFjsNJwPXZvseag=="
    },
    "@esbuild/android-arm64@0.25.2": {
      "integrity": "sha512-5ZAX5xOmTligeBaeNEPnPaeEuah53Id2tX4c2CVP3JaROTH+j4fnfHCkr1PjXMd78hMst+TlkfKcW/DlTq0i4w=="
    },
    "@esbuild/android-arm@0.25.2": {
      "integrity": "sha512-NQhH7jFstVY5x8CKbcfa166GoV0EFkaPkCKBQkdPJFvo5u+nGXLEH/ooniLb3QI8Fk58YAx7nsPLozUWfCBOJA=="
    },
    "@esbuild/android-x64@0.25.2": {
      "integrity": "sha512-Ffcx+nnma8Sge4jzddPHCZVRvIfQ0kMsUsCMcJRHkGJ1cDmhe4SsrYIjLUKn1xpHZybmOqCWwB0zQvsjdEHtkg=="
    },
    "@esbuild/darwin-arm64@0.25.2": {
      "integrity": "sha512-MpM6LUVTXAzOvN4KbjzU/q5smzryuoNjlriAIx+06RpecwCkL9JpenNzpKd2YMzLJFOdPqBpuub6eVRP5IgiSA=="
    },
    "@esbuild/darwin-x64@0.25.2": {
      "integrity": "sha512-5eRPrTX7wFyuWe8FqEFPG2cU0+butQQVNcT4sVipqjLYQjjh8a8+vUTfgBKM88ObB85ahsnTwF7PSIt6PG+QkA=="
    },
    "@esbuild/freebsd-arm64@0.25.2": {
      "integrity": "sha512-mLwm4vXKiQ2UTSX4+ImyiPdiHjiZhIaE9QvC7sw0tZ6HoNMjYAqQpGyui5VRIi5sGd+uWq940gdCbY3VLvsO1w=="
    },
    "@esbuild/freebsd-x64@0.25.2": {
      "integrity": "sha512-6qyyn6TjayJSwGpm8J9QYYGQcRgc90nmfdUb0O7pp1s4lTY+9D0H9O02v5JqGApUyiHOtkz6+1hZNvNtEhbwRQ=="
    },
    "@esbuild/linux-arm64@0.25.2": {
      "integrity": "sha512-gq/sjLsOyMT19I8obBISvhoYiZIAaGF8JpeXu1u8yPv8BE5HlWYobmlsfijFIZ9hIVGYkbdFhEqC0NvM4kNO0g=="
    },
    "@esbuild/linux-arm@0.25.2": {
      "integrity": "sha512-UHBRgJcmjJv5oeQF8EpTRZs/1knq6loLxTsjc3nxO9eXAPDLcWW55flrMVc97qFPbmZP31ta1AZVUKQzKTzb0g=="
    },
    "@esbuild/linux-ia32@0.25.2": {
      "integrity": "sha512-bBYCv9obgW2cBP+2ZWfjYTU+f5cxRoGGQ5SeDbYdFCAZpYWrfjjfYwvUpP8MlKbP0nwZ5gyOU/0aUzZ5HWPuvQ=="
    },
    "@esbuild/linux-loong64@0.25.2": {
      "integrity": "sha512-SHNGiKtvnU2dBlM5D8CXRFdd+6etgZ9dXfaPCeJtz+37PIUlixvlIhI23L5khKXs3DIzAn9V8v+qb1TRKrgT5w=="
    },
    "@esbuild/linux-mips64el@0.25.2": {
      "integrity": "sha512-hDDRlzE6rPeoj+5fsADqdUZl1OzqDYow4TB4Y/3PlKBD0ph1e6uPHzIQcv2Z65u2K0kpeByIyAjCmjn1hJgG0Q=="
    },
    "@esbuild/linux-ppc64@0.25.2": {
      "integrity": "sha512-tsHu2RRSWzipmUi9UBDEzc0nLc4HtpZEI5Ba+Omms5456x5WaNuiG3u7xh5AO6sipnJ9r4cRWQB2tUjPyIkc6g=="
    },
    "@esbuild/linux-riscv64@0.25.2": {
      "integrity": "sha512-k4LtpgV7NJQOml/10uPU0s4SAXGnowi5qBSjaLWMojNCUICNu7TshqHLAEbkBdAszL5TabfvQ48kK84hyFzjnw=="
    },
    "@esbuild/linux-s390x@0.25.2": {
      "integrity": "sha512-GRa4IshOdvKY7M/rDpRR3gkiTNp34M0eLTaC1a08gNrh4u488aPhuZOCpkF6+2wl3zAN7L7XIpOFBhnaE3/Q8Q=="
    },
    "@esbuild/linux-x64@0.25.2": {
      "integrity": "sha512-QInHERlqpTTZ4FRB0fROQWXcYRD64lAoiegezDunLpalZMjcUcld3YzZmVJ2H/Cp0wJRZ8Xtjtj0cEHhYc/uUg=="
    },
    "@esbuild/netbsd-arm64@0.25.2": {
      "integrity": "sha512-talAIBoY5M8vHc6EeI2WW9d/CkiO9MQJ0IOWX8hrLhxGbro/vBXJvaQXefW2cP0z0nQVTdQ/eNyGFV1GSKrxfw=="
    },
    "@esbuild/netbsd-x64@0.25.2": {
      "integrity": "sha512-voZT9Z+tpOxrvfKFyfDYPc4DO4rk06qamv1a/fkuzHpiVBMOhpjK+vBmWM8J1eiB3OLSMFYNaOaBNLXGChf5tg=="
    },
    "@esbuild/openbsd-arm64@0.25.2": {
      "integrity": "sha512-dcXYOC6NXOqcykeDlwId9kB6OkPUxOEqU+rkrYVqJbK2hagWOMrsTGsMr8+rW02M+d5Op5NNlgMmjzecaRf7Tg=="
    },
    "@esbuild/openbsd-x64@0.25.2": {
      "integrity": "sha512-t/TkWwahkH0Tsgoq1Ju7QfgGhArkGLkF1uYz8nQS/PPFlXbP5YgRpqQR3ARRiC2iXoLTWFxc6DJMSK10dVXluw=="
    },
    "@esbuild/sunos-x64@0.25.2": {
      "integrity": "sha512-cfZH1co2+imVdWCjd+D1gf9NjkchVhhdpgb1q5y6Hcv9TP6Zi9ZG/beI3ig8TvwT9lH9dlxLq5MQBBgwuj4xvA=="
    },
    "@esbuild/win32-arm64@0.25.2": {
      "integrity": "sha512-7Loyjh+D/Nx/sOTzV8vfbB3GJuHdOQyrOryFdZvPHLf42Tk9ivBU5Aedi7iyX+x6rbn2Mh68T4qq1SDqJBQO5Q=="
    },
    "@esbuild/win32-ia32@0.25.2": {
      "integrity": "sha512-WRJgsz9un0nqZJ4MfhabxaD9Ft8KioqU3JMinOTvobbX6MOSUigSBlogP8QB3uxpJDsFS6yN+3FDBdqE5lg9kg=="
    },
    "@esbuild/win32-x64@0.25.2": {
      "integrity": "sha512-kM3HKb16VIXZyIeVrM1ygYmZBKybX8N4p754bw390wGO3Tf2j4L2/WYL+4suWujpgf6GBYs3jv7TyUivdd05JA=="
    },
    "@jridgewell/gen-mapping@0.3.8": {
      "integrity": "sha512-imAbBGkb+ebQyxKgzv5Hu2nmROxoDOXHh80evxdoXNOrvAnVx7zimzc1Oo5h9RlfV4vPXaE2iM5pOFbvOCClWA==",
      "dependencies": [
        "@jridgewell/set-array",
        "@jridgewell/sourcemap-codec",
        "@jridgewell/trace-mapping"
      ]
    },
    "@jridgewell/resolve-uri@3.1.2": {
      "integrity": "sha512-bRISgCIjP20/tbWSPWMEi54QVPRZExkuD9lJL+UIxUKtwVJA8wW1Trb1jMs1RFXo1CBTNZ/5hpC9QvmKWdopKw=="
    },
    "@jridgewell/set-array@1.2.1": {
      "integrity": "sha512-R8gLRTZeyp03ymzP/6Lil/28tGeGEzhx1q2k703KGWRAI1VdvPIXdG70VJc2pAMw3NA6JKL5hhFu1sJX0Mnn/A=="
    },
    "@jridgewell/sourcemap-codec@1.5.0": {
      "integrity": "sha512-gv3ZRaISU3fjPAgNsriBRqGWQL6quFx04YMPW/zD8XMLsU32mhCCbfbO6KZFLjvYpCZ8zyDEgqsgf+PwPaM7GQ=="
    },
    "@jridgewell/trace-mapping@0.3.25": {
      "integrity": "sha512-vNk6aEwybGtawWmy/PzwnGDOjCkLWSD2wqvjGGAgOAwCGWySYXfYoxt00IJkTF+8Lb57DwOb3Aa0o9CApepiYQ==",
      "dependencies": [
        "@jridgewell/resolve-uri",
        "@jridgewell/sourcemap-codec"
      ]
    },
    "@polka/url@1.0.0-next.28": {
      "integrity": "sha512-8LduaNlMZGwdZ6qWrKlfa+2M4gahzFkprZiAt2TF8uS0qQgBizKXpXURqvTJ4WtmupWxaLqjRb2UCTe72mu+Aw=="
    },
    "@rollup/rollup-android-arm-eabi@4.39.0": {
      "integrity": "sha512-lGVys55Qb00Wvh8DMAocp5kIcaNzEFTmGhfFd88LfaogYTRKrdxgtlO5H6S49v2Nd8R2C6wLOal0qv6/kCkOwA=="
    },
    "@rollup/rollup-android-arm64@4.39.0": {
      "integrity": "sha512-It9+M1zE31KWfqh/0cJLrrsCPiF72PoJjIChLX+rEcujVRCb4NLQ5QzFkzIZW8Kn8FTbvGQBY5TkKBau3S8cCQ=="
    },
    "@rollup/rollup-darwin-arm64@4.39.0": {
      "integrity": "sha512-lXQnhpFDOKDXiGxsU9/l8UEGGM65comrQuZ+lDcGUx+9YQ9dKpF3rSEGepyeR5AHZ0b5RgiligsBhWZfSSQh8Q=="
    },
    "@rollup/rollup-darwin-x64@4.39.0": {
      "integrity": "sha512-mKXpNZLvtEbgu6WCkNij7CGycdw9cJi2k9v0noMb++Vab12GZjFgUXD69ilAbBh034Zwn95c2PNSz9xM7KYEAQ=="
    },
    "@rollup/rollup-freebsd-arm64@4.39.0": {
      "integrity": "sha512-jivRRlh2Lod/KvDZx2zUR+I4iBfHcu2V/BA2vasUtdtTN2Uk3jfcZczLa81ESHZHPHy4ih3T/W5rPFZ/hX7RtQ=="
    },
    "@rollup/rollup-freebsd-x64@4.39.0": {
      "integrity": "sha512-8RXIWvYIRK9nO+bhVz8DwLBepcptw633gv/QT4015CpJ0Ht8punmoHU/DuEd3iw9Hr8UwUV+t+VNNuZIWYeY7Q=="
    },
    "@rollup/rollup-linux-arm-gnueabihf@4.39.0": {
      "integrity": "sha512-mz5POx5Zu58f2xAG5RaRRhp3IZDK7zXGk5sdEDj4o96HeaXhlUwmLFzNlc4hCQi5sGdR12VDgEUqVSHer0lI9g=="
    },
    "@rollup/rollup-linux-arm-musleabihf@4.39.0": {
      "integrity": "sha512-+YDwhM6gUAyakl0CD+bMFpdmwIoRDzZYaTWV3SDRBGkMU/VpIBYXXEvkEcTagw/7VVkL2vA29zU4UVy1mP0/Yw=="
    },
    "@rollup/rollup-linux-arm64-gnu@4.39.0": {
      "integrity": "sha512-EKf7iF7aK36eEChvlgxGnk7pdJfzfQbNvGV/+l98iiMwU23MwvmV0Ty3pJ0p5WQfm3JRHOytSIqD9LB7Bq7xdQ=="
    },
    "@rollup/rollup-linux-arm64-musl@4.39.0": {
      "integrity": "sha512-vYanR6MtqC7Z2SNr8gzVnzUul09Wi1kZqJaek3KcIlI/wq5Xtq4ZPIZ0Mr/st/sv/NnaPwy/D4yXg5x0B3aUUA=="
    },
    "@rollup/rollup-linux-loongarch64-gnu@4.39.0": {
      "integrity": "sha512-NMRUT40+h0FBa5fb+cpxtZoGAggRem16ocVKIv5gDB5uLDgBIwrIsXlGqYbLwW8YyO3WVTk1FkFDjMETYlDqiw=="
    },
    "@rollup/rollup-linux-powerpc64le-gnu@4.39.0": {
      "integrity": "sha512-0pCNnmxgduJ3YRt+D+kJ6Ai/r+TaePu9ZLENl+ZDV/CdVczXl95CbIiwwswu4L+K7uOIGf6tMo2vm8uadRaICQ=="
    },
    "@rollup/rollup-linux-riscv64-gnu@4.39.0": {
      "integrity": "sha512-t7j5Zhr7S4bBtksT73bO6c3Qa2AV/HqiGlj9+KB3gNF5upcVkx+HLgxTm8DK4OkzsOYqbdqbLKwvGMhylJCPhQ=="
    },
    "@rollup/rollup-linux-riscv64-musl@4.39.0": {
      "integrity": "sha512-m6cwI86IvQ7M93MQ2RF5SP8tUjD39Y7rjb1qjHgYh28uAPVU8+k/xYWvxRO3/tBN2pZkSMa5RjnPuUIbrwVxeA=="
    },
    "@rollup/rollup-linux-s390x-gnu@4.39.0": {
      "integrity": "sha512-iRDJd2ebMunnk2rsSBYlsptCyuINvxUfGwOUldjv5M4tpa93K8tFMeYGpNk2+Nxl+OBJnBzy2/JCscGeO507kA=="
    },
    "@rollup/rollup-linux-x64-gnu@4.39.0": {
      "integrity": "sha512-t9jqYw27R6Lx0XKfEFe5vUeEJ5pF3SGIM6gTfONSMb7DuG6z6wfj2yjcoZxHg129veTqU7+wOhY6GX8wmf90dA=="
    },
    "@rollup/rollup-linux-x64-musl@4.39.0": {
      "integrity": "sha512-ThFdkrFDP55AIsIZDKSBWEt/JcWlCzydbZHinZ0F/r1h83qbGeenCt/G/wG2O0reuENDD2tawfAj2s8VK7Bugg=="
    },
    "@rollup/rollup-win32-arm64-msvc@4.39.0": {
      "integrity": "sha512-jDrLm6yUtbOg2TYB3sBF3acUnAwsIksEYjLeHL+TJv9jg+TmTwdyjnDex27jqEMakNKf3RwwPahDIt7QXCSqRQ=="
    },
    "@rollup/rollup-win32-ia32-msvc@4.39.0": {
      "integrity": "sha512-6w9uMuza+LbLCVoNKL5FSLE7yvYkq9laSd09bwS0tMjkwXrmib/4KmoJcrKhLWHvw19mwU+33ndC69T7weNNjQ=="
    },
    "@rollup/rollup-win32-x64-msvc@4.39.0": {
      "integrity": "sha512-yAkUOkIKZlK5dl7u6dg897doBgLXmUHhIINM2c+sND3DZwnrdQkkSiDh7N75Ll4mM4dxSkYfXqU9fW3lLkMFug=="
    },
    "@sveltejs/acorn-typescript@1.0.5_acorn@8.14.1": {
      "integrity": "sha512-IwQk4yfwLdibDlrXVE04jTZYlLnwsTT2PIOQQGNLWfjavGifnk1JD1LcZjZaBTRcxZu2FfPfNLOE04DSu9lqtQ==",
      "dependencies": [
        "acorn"
      ]
    },
    "@sveltejs/adapter-auto@4.0.0_@sveltejs+kit@2.20.4__@sveltejs+vite-plugin-svelte@5.0.3___svelte@5.25.7____acorn@8.14.1___vite@6.2.5__svelte@5.25.7___acorn@8.14.1__vite@6.2.5_@sveltejs+vite-plugin-svelte@5.0.3__svelte@5.25.7___acorn@8.14.1__vite@6.2.5_svelte@5.25.7__acorn@8.14.1_vite@6.2.5": {
      "integrity": "sha512-kmuYSQdD2AwThymQF0haQhM8rE5rhutQXG4LNbnbShwhMO4qQGnKaaTy+88DuNSuoQDi58+thpq8XpHc1+oEKQ==",
      "dependencies": [
        "@sveltejs/kit",
        "import-meta-resolve"
      ]
    },
    "@sveltejs/kit@2.20.4_@sveltejs+vite-plugin-svelte@5.0.3__svelte@5.25.7___acorn@8.14.1__vite@6.2.5_svelte@5.25.7__acorn@8.14.1_vite@6.2.5": {
      "integrity": "sha512-B3Y1mb1Qjt57zXLVch5tfqsK/ebHe6uYTcFSnGFNwRpId3+fplLgQK6Z2zhDVBezSsPuhDq6Pry+9PA88ocN6Q==",
      "dependencies": [
        "@sveltejs/vite-plugin-svelte",
        "@types/cookie",
        "cookie",
        "devalue",
        "esm-env",
        "import-meta-resolve",
        "kleur",
        "magic-string",
        "mrmime",
        "sade",
        "set-cookie-parser",
        "sirv",
        "svelte",
        "vite"
      ]
    },
    "@sveltejs/vite-plugin-svelte-inspector@4.0.1_@sveltejs+vite-plugin-svelte@5.0.3__svelte@5.25.7___acorn@8.14.1__vite@6.2.5_svelte@5.25.7__acorn@8.14.1_vite@6.2.5": {
      "integrity": "sha512-J/Nmb2Q2y7mck2hyCX4ckVHcR5tu2J+MtBEQqpDrrgELZ2uvraQcK/ioCV61AqkdXFgriksOKIceDcQmqnGhVw==",
      "dependencies": [
        "@sveltejs/vite-plugin-svelte",
        "debug",
        "svelte",
        "vite"
      ]
    },
    "@sveltejs/vite-plugin-svelte@5.0.3_svelte@5.25.7__acorn@8.14.1_vite@6.2.5": {
      "integrity": "sha512-MCFS6CrQDu1yGwspm4qtli0e63vaPCehf6V7pIMP15AsWgMKrqDGCPFF/0kn4SP0ii4aySu4Pa62+fIRGFMjgw==",
      "dependencies": [
        "@sveltejs/vite-plugin-svelte-inspector",
        "debug",
        "deepmerge",
        "kleur",
        "magic-string",
        "svelte",
        "vite",
        "vitefu"
      ]
    },
    "@tailwindcss/node@4.1.3": {
      "integrity": "sha512-H/6r6IPFJkCfBJZ2dKZiPJ7Ueb2wbL592+9bQEl2r73qbX6yGnmQVIfiUvDRB2YI0a3PWDrzUwkvQx1XW1bNkA==",
      "dependencies": [
        "enhanced-resolve",
        "jiti",
        "lightningcss",
        "tailwindcss"
      ]
    },
    "@tailwindcss/oxide-android-arm64@4.1.3": {
      "integrity": "sha512-cxklKjtNLwFl3mDYw4XpEfBY+G8ssSg9ADL4Wm6//5woi3XGqlxFsnV5Zb6v07dxw1NvEX2uoqsxO/zWQsgR+g=="
    },
    "@tailwindcss/oxide-darwin-arm64@4.1.3": {
      "integrity": "sha512-mqkf2tLR5VCrjBvuRDwzKNShRu99gCAVMkVsaEOFvv6cCjlEKXRecPu9DEnxp6STk5z+Vlbh1M5zY3nQCXMXhw=="
    },
    "@tailwindcss/oxide-darwin-x64@4.1.3": {
      "integrity": "sha512-7sGraGaWzXvCLyxrc7d+CCpUN3fYnkkcso3rCzwUmo/LteAl2ZGCDlGvDD8Y/1D3ngxT8KgDj1DSwOnNewKhmg=="
    },
    "@tailwindcss/oxide-freebsd-x64@4.1.3": {
      "integrity": "sha512-E2+PbcbzIReaAYZe997wb9rId246yDkCwAakllAWSGqe6VTg9hHle67hfH6ExjpV2LSK/siRzBUs5wVff3RW9w=="
    },
    "@tailwindcss/oxide-linux-arm-gnueabihf@4.1.3": {
      "integrity": "sha512-GvfbJ8wjSSjbLFFE3UYz4Eh8i4L6GiEYqCtA8j2Zd2oXriPuom/Ah/64pg/szWycQpzRnbDiJozoxFU2oJZyfg=="
    },
    "@tailwindcss/oxide-linux-arm64-gnu@4.1.3": {
      "integrity": "sha512-35UkuCWQTeG9BHcBQXndDOrpsnt3Pj9NVIB4CgNiKmpG8GnCNXeMczkUpOoqcOhO6Cc/mM2W7kaQ/MTEENDDXg=="
    },
    "@tailwindcss/oxide-linux-arm64-musl@4.1.3": {
      "integrity": "sha512-dm18aQiML5QCj9DQo7wMbt1Z2tl3Giht54uVR87a84X8qRtuXxUqnKQkRDK5B4bCOmcZ580lF9YcoMkbDYTXHQ=="
    },
    "@tailwindcss/oxide-linux-x64-gnu@4.1.3": {
      "integrity": "sha512-LMdTmGe/NPtGOaOfV2HuO7w07jI3cflPrVq5CXl+2O93DCewADK0uW1ORNAcfu2YxDUS035eY2W38TxrsqngxA=="
    },
    "@tailwindcss/oxide-linux-x64-musl@4.1.3": {
      "integrity": "sha512-aalNWwIi54bbFEizwl1/XpmdDrOaCjRFQRgtbv9slWjmNPuJJTIKPHf5/XXDARc9CneW9FkSTqTbyvNecYAEGw=="
    },
    "@tailwindcss/oxide-win32-arm64-msvc@4.1.3": {
      "integrity": "sha512-PEj7XR4OGTGoboTIAdXicKuWl4EQIjKHKuR+bFy9oYN7CFZo0eu74+70O4XuERX4yjqVZGAkCdglBODlgqcCXg=="
    },
    "@tailwindcss/oxide-win32-x64-msvc@4.1.3": {
      "integrity": "sha512-T8gfxECWDBENotpw3HR9SmNiHC9AOJdxs+woasRZ8Q/J4VHN0OMs7F+4yVNZ9EVN26Wv6mZbK0jv7eHYuLJLwA=="
    },
    "@tailwindcss/oxide@4.1.3": {
      "integrity": "sha512-t16lpHCU7LBxDe/8dCj9ntyNpXaSTAgxWm1u2XQP5NiIu4KGSyrDJJRlK9hJ4U9yJxx0UKCVI67MJWFNll5mOQ==",
      "dependencies": [
        "@tailwindcss/oxide-android-arm64",
        "@tailwindcss/oxide-darwin-arm64",
        "@tailwindcss/oxide-darwin-x64",
        "@tailwindcss/oxide-freebsd-x64",
        "@tailwindcss/oxide-linux-arm-gnueabihf",
        "@tailwindcss/oxide-linux-arm64-gnu",
        "@tailwindcss/oxide-linux-arm64-musl",
        "@tailwindcss/oxide-linux-x64-gnu",
        "@tailwindcss/oxide-linux-x64-musl",
        "@tailwindcss/oxide-win32-arm64-msvc",
        "@tailwindcss/oxide-win32-x64-msvc"
      ]
    },
    "@tailwindcss/typography@0.5.16_tailwindcss@4.1.3": {
      "integrity": "sha512-0wDLwCVF5V3x3b1SGXPCDcdsbDHMBe+lkFzBRaHeLvNi+nrrnZ1lA18u+OTWO8iSWU2GxUOCvlXtDuqftc1oiA==",
      "dependencies": [
        "lodash.castarray",
        "lodash.isplainobject",
        "lodash.merge",
        "postcss-selector-parser",
        "tailwindcss"
      ]
    },
    "@tailwindcss/vite@4.1.3_vite@6.2.5": {
      "integrity": "sha512-lUI/QaDxLtlV52Lho6pu07CG9pSnRYLOPmKGIQjyHdTBagemc6HmgZxyjGAQ/5HMPrNeWBfTVIpQl0/jLXvWHQ==",
      "dependencies": [
        "@tailwindcss/node",
        "@tailwindcss/oxide",
        "tailwindcss",
        "vite"
      ]
    },
    "@types/cookie@0.6.0": {
      "integrity": "sha512-4Kh9a6B2bQciAhf7FSuMRRkUWecJgJu9nPnx3yzpsfXX/c50REIqpHY4C82bXP90qrLtXtkDxTZosYO3UpOwlA=="
    },
    "@types/estree@1.0.7": {
      "integrity": "sha512-w28IoSUCJpidD/TGviZwwMJckNESJZXFu7NBZ5YJ4mEUnNraUn9Pm8HSZm/jDF1pDWYKspWE7oVphigUPRakIQ=="
    },
    "acorn@8.14.1": {
      "integrity": "sha512-OvQ/2pUDKmgfCg++xsTX1wGxfTaszcHVcTctW4UJB4hibJx2HXxxO5UmVgyjMa+ZDsiaf5wWLXYpRWMmBI0QHg=="
    },
    "aria-query@5.3.2": {
      "integrity": "sha512-COROpnaoap1E2F000S62r6A60uHZnmlvomhfyT2DlTcrY1OrBKn2UhH7qn5wTC9zMvD0AY7csdPSNwKP+7WiQw=="
    },
    "axobject-query@4.1.0": {
      "integrity": "sha512-qIj0G9wZbMGNLjLmg1PT6v2mE9AH2zlnADJD/2tC6E00hgmhUOfEB6greHPAfLRSufHqROIUTkw6E+M3lH0PTQ=="
    },
    "chokidar@4.0.3": {
      "integrity": "sha512-Qgzu8kfBvo+cA4962jnP1KkS6Dop5NS6g7R5LFYJr4b8Ub94PPQXUksCw9PvXoeXPRRddRNC5C1JQUR2SMGtnA==",
      "dependencies": [
        "readdirp"
      ]
    },
    "clsx@2.1.1": {
      "integrity": "sha512-eYm0QWBtUrBWZWG0d386OGAw16Z995PiOVo2B7bjWSbHedGl5e0ZWaq65kOGgUSNesEIDkB9ISbTg/JK9dhCZA=="
    },
    "cookie@0.6.0": {
      "integrity": "sha512-U71cyTamuh1CRNCfpGY6to28lxvNwPG4Guz/EVjgf3Jmzv0vlDp1atT9eS5dDjMYHucpHbWns6Lwf3BKz6svdw=="
    },
    "cssesc@3.0.0": {
      "integrity": "sha512-/Tb/JcjK111nNScGob5MNtsntNM1aCNUDipB/TkwZFhyDrrE47SOx/18wF2bbjgc3ZzCSKW1T5nt5EbFoAz/Vg=="
    },
    "debug@4.4.0": {
      "integrity": "sha512-6WTZ/IxCY/T6BALoZHaE4ctp9xm+Z5kY/pzYaCHRFeyVhojxlrm+46y68HA6hr0TcwEssoxNiDEUJQjfPZ/RYA==",
      "dependencies": [
        "ms"
      ]
    },
    "decode-uri-component@0.4.1": {
      "integrity": "sha512-+8VxcR21HhTy8nOt6jf20w0c9CADrw1O8d+VZ/YzzCt4bJ3uBjw+D1q2osAB8RnpwwaeYBxy0HyKQxD5JBMuuQ=="
    },
    "deepmerge@4.3.1": {
      "integrity": "sha512-3sUqbMEc77XqpdNO7FRyRog+eW3ph+GYCbj+rK+uYyRMuwsVy0rMiVtPn+QJlKFvWP/1PYpapqYn0Me2knFn+A=="
    },
    "detect-libc@2.0.3": {
      "integrity": "sha512-bwy0MGW55bG41VqxxypOsdSdGqLwXPI/focwgTYCFMbdUiBAxLg9CFzG08sz2aqzknwiX7Hkl0bQENjg8iLByw=="
    },
    "devalue@5.1.1": {
      "integrity": "sha512-maua5KUiapvEwiEAe+XnlZ3Rh0GD+qI1J/nb9vrJc3muPXvcF/8gXYTWF76+5DAqHyDUtOIImEuo0YKE9mshVw=="
    },
    "enhanced-resolve@5.18.1": {
      "integrity": "sha512-ZSW3ma5GkcQBIpwZTSRAI8N71Uuwgs93IezB7mf7R60tC8ZbJideoDNKjHn2O9KIlx6rkGTTEk1xUCK2E1Y2Yg==",
      "dependencies": [
        "graceful-fs",
        "tapable"
      ]
    },
    "esbuild@0.25.2": {
      "integrity": "sha512-16854zccKPnC+toMywC+uKNeYSv+/eXkevRAfwRD/G9Cleq66m8XFIrigkbvauLLlCfDL45Q2cWegSg53gGBnQ==",
      "dependencies": [
        "@esbuild/aix-ppc64",
        "@esbuild/android-arm",
        "@esbuild/android-arm64",
        "@esbuild/android-x64",
        "@esbuild/darwin-arm64",
        "@esbuild/darwin-x64",
        "@esbuild/freebsd-arm64",
        "@esbuild/freebsd-x64",
        "@esbuild/linux-arm",
        "@esbuild/linux-arm64",
        "@esbuild/linux-ia32",
        "@esbuild/linux-loong64",
        "@esbuild/linux-mips64el",
        "@esbuild/linux-ppc64",
        "@esbuild/linux-riscv64",
        "@esbuild/linux-s390x",
        "@esbuild/linux-x64",
        "@esbuild/netbsd-arm64",
        "@esbuild/netbsd-x64",
        "@esbuild/openbsd-arm64",
        "@esbuild/openbsd-x64",
        "@esbuild/sunos-x64",
        "@esbuild/win32-arm64",
        "@esbuild/win32-ia32",
        "@esbuild/win32-x64"
      ]
    },
    "esm-env@1.2.2": {
      "integrity": "sha512-Epxrv+Nr/CaL4ZcFGPJIYLWFom+YeV1DqMLHJoEd9SYRxNbaFruBwfEX/kkHUJf55j2+TUbmDcmuilbP1TmXHA=="
    },
    "esrap@1.4.6": {
      "integrity": "sha512-F/D2mADJ9SHY3IwksD4DAXjTt7qt7GWUf3/8RhCNWmC/67tyb55dpimHmy7EplakFaflV0R/PC+fdSPqrRHAQw==",
      "dependencies": [
        "@jridgewell/sourcemap-codec"
      ]
    },
    "fdir@6.4.3": {
      "integrity": "sha512-PMXmW2y1hDDfTSRc9gaXIuCCRpuoz3Kaz8cUelp3smouvfT632ozg2vrT6lJsHKKOF59YLbOGfAWGUcKEfRMQw=="
    },
    "filter-obj@5.1.0": {
      "integrity": "sha512-qWeTREPoT7I0bifpPUXtxkZJ1XJzxWtfoWWkdVGqa+eCr3SHW/Ocp89o8vLvbUuQnadybJpjOKu4V+RwO6sGng=="
    },
    "fsevents@2.3.3": {
      "integrity": "sha512-5xoDfX+fL7faATnagmWPpbFtwh/R77WmMMqqHGS65C3vvB0YHrgF+B1YmZ3441tMj5n63k0212XNoJwzlhffQw=="
    },
    "graceful-fs@4.2.11": {
      "integrity": "sha512-RbJ5/jmFcNNCcDV5o9eTnBLJ/HszWV0P73bc+Ff4nS/rJj+YaS6IGyiOL0VoBYX+l1Wrl3k63h/KrH+nhJ0XvQ=="
    },
    "import-meta-resolve@4.1.0": {
      "integrity": "sha512-I6fiaX09Xivtk+THaMfAwnA3MVA5Big1WHF1Dfx9hFuvNIWpXnorlkzhcQf6ehrqQiiZECRt1poOAkPmer3ruw=="
    },
    "is-reference@3.0.3": {
      "integrity": "sha512-ixkJoqQvAP88E6wLydLGGqCJsrFUnqoH6HnaczB8XmDH1oaWU+xxdptvikTgaEhtZ53Ky6YXiBuUI2WXLMCwjw==",
      "dependencies": [
        "@types/estree"
      ]
    },
    "jiti@2.4.2": {
      "integrity": "sha512-rg9zJN+G4n2nfJl5MW3BMygZX56zKPNVEYYqq7adpmMh4Jn2QNEwhvQlFy6jPVdcod7txZtKHWnyZiA3a0zP7A=="
    },
    "kleur@4.1.5": {
      "integrity": "sha512-o+NO+8WrRiQEE4/7nwRJhN1HWpVmJm511pBHUxPLtp0BUISzlBplORYSmTclCnJvQq2tKu/sgl3xVpkc7ZWuQQ=="
    },
    "ky@1.8.0": {
      "integrity": "sha512-DoKGmG27nT8t/1F9gV8vNzggJ3mLAyD49J8tTMWHeZvS8qLc7GlyTieicYtFzvDznMe/q2u38peOjkWc5/pjvw=="
    },
    "lightningcss-darwin-arm64@1.29.2": {
      "integrity": "sha512-cK/eMabSViKn/PG8U/a7aCorpeKLMlK0bQeNHmdb7qUnBkNPnL+oV5DjJUo0kqWsJUapZsM4jCfYItbqBDvlcA=="
    },
    "lightningcss-darwin-x64@1.29.2": {
      "integrity": "sha512-j5qYxamyQw4kDXX5hnnCKMf3mLlHvG44f24Qyi2965/Ycz829MYqjrVg2H8BidybHBp9kom4D7DR5VqCKDXS0w=="
    },
    "lightningcss-freebsd-x64@1.29.2": {
      "integrity": "sha512-wDk7M2tM78Ii8ek9YjnY8MjV5f5JN2qNVO+/0BAGZRvXKtQrBC4/cn4ssQIpKIPP44YXw6gFdpUF+Ps+RGsCwg=="
    },
    "lightningcss-linux-arm-gnueabihf@1.29.2": {
      "integrity": "sha512-IRUrOrAF2Z+KExdExe3Rz7NSTuuJ2HvCGlMKoquK5pjvo2JY4Rybr+NrKnq0U0hZnx5AnGsuFHjGnNT14w26sg=="
    },
    "lightningcss-linux-arm64-gnu@1.29.2": {
      "integrity": "sha512-KKCpOlmhdjvUTX/mBuaKemp0oeDIBBLFiU5Fnqxh1/DZ4JPZi4evEH7TKoSBFOSOV3J7iEmmBaw/8dpiUvRKlQ=="
    },
    "lightningcss-linux-arm64-musl@1.29.2": {
      "integrity": "sha512-Q64eM1bPlOOUgxFmoPUefqzY1yV3ctFPE6d/Vt7WzLW4rKTv7MyYNky+FWxRpLkNASTnKQUaiMJ87zNODIrrKQ=="
    },
    "lightningcss-linux-x64-gnu@1.29.2": {
      "integrity": "sha512-0v6idDCPG6epLXtBH/RPkHvYx74CVziHo6TMYga8O2EiQApnUPZsbR9nFNrg2cgBzk1AYqEd95TlrsL7nYABQg=="
    },
    "lightningcss-linux-x64-musl@1.29.2": {
      "integrity": "sha512-rMpz2yawkgGT8RULc5S4WiZopVMOFWjiItBT7aSfDX4NQav6M44rhn5hjtkKzB+wMTRlLLqxkeYEtQ3dd9696w=="
    },
    "lightningcss-win32-arm64-msvc@1.29.2": {
      "integrity": "sha512-nL7zRW6evGQqYVu/bKGK+zShyz8OVzsCotFgc7judbt6wnB2KbiKKJwBE4SGoDBQ1O94RjW4asrCjQL4i8Fhbw=="
    },
    "lightningcss-win32-x64-msvc@1.29.2": {
      "integrity": "sha512-EdIUW3B2vLuHmv7urfzMI/h2fmlnOQBk1xlsDxkN1tCWKjNFjfLhGxYk8C8mzpSfr+A6jFFIi8fU6LbQGsRWjA=="
    },
    "lightningcss@1.29.2": {
      "integrity": "sha512-6b6gd/RUXKaw5keVdSEtqFVdzWnU5jMxTUjA2bVcMNPLwSQ08Sv/UodBVtETLCn7k4S1Ibxwh7k68IwLZPgKaA==",
      "dependencies": [
        "detect-libc",
        "lightningcss-darwin-arm64",
        "lightningcss-darwin-x64",
        "lightningcss-freebsd-x64",
        "lightningcss-linux-arm-gnueabihf",
        "lightningcss-linux-arm64-gnu",
        "lightningcss-linux-arm64-musl",
        "lightningcss-linux-x64-gnu",
        "lightningcss-linux-x64-musl",
        "lightningcss-win32-arm64-msvc",
        "lightningcss-win32-x64-msvc"
      ]
    },
    "locate-character@3.0.0": {
      "integrity": "sha512-SW13ws7BjaeJ6p7Q6CO2nchbYEc3X3J6WrmTTDto7yMPqVSZTUyY5Tjbid+Ab8gLnATtygYtiDIJGQRRn2ZOiA=="
    },
    "lodash.castarray@4.4.0": {
      "integrity": "sha512-aVx8ztPv7/2ULbArGJ2Y42bG1mEQ5mGjpdvrbJcJFU3TbYybe+QlLS4pst9zV52ymy2in1KpFPiZnAOATxD4+Q=="
    },
    "lodash.isplainobject@4.0.6": {
      "integrity": "sha512-oSXzaWypCMHkPC3NvBEaPHf0KsA5mvPrOPgQWDsbg8n7orZ290M0BmC/jgRZ4vcJ6DTAhjrsSYgdsW/F+MFOBA=="
    },
    "lodash.merge@4.6.2": {
      "integrity": "sha512-0KpjqXRVvrYyCsX1swR/XTK0va6VQkQM6MNo7PqW77ByjAhoARA8EfrP1N4+KlKj8YS0ZUCtRT/YUuhyYDujIQ=="
    },
    "magic-string@0.30.17": {
      "integrity": "sha512-sNPKHvyjVf7gyjwS4xGTaW/mCnF8wnjtifKBEhxfZ7E/S8tQ0rssrwGNn6q8JH/ohItJfSQp9mBtQYuTlH5QnA==",
      "dependencies": [
        "@jridgewell/sourcemap-codec"
      ]
    },
    "mri@1.2.0": {
      "integrity": "sha512-tzzskb3bG8LvYGFF/mDTpq3jpI6Q9wc3LEmBaghu+DdCssd1FakN7Bc0hVNmEyGq1bq3RgfkCb3cmQLpNPOroA=="
    },
    "mrmime@2.0.1": {
      "integrity": "sha512-Y3wQdFg2Va6etvQ5I82yUhGdsKrcYox6p7FfL1LbK2J4V01F9TGlepTIhnK24t7koZibmg82KGglhA1XK5IsLQ=="
    },
    "ms@2.1.3": {
      "integrity": "sha512-6FlzubTLZG3J2a/NVCAleEhjzq5oxgHyaCU9yYXvcLsvoVaHJq/s5xXI6/XXP6tz7R9xAOtHnSO/tXtF3WRTlA=="
    },
    "nanoid@3.3.11": {
      "integrity": "sha512-N8SpfPUnUp1bK+PMYW8qSWdl9U+wwNWI4QKxOYDy9JAro3WMX7p2OeVRF9v+347pnakNevPmiHhNmZ2HbFA76w=="
    },
    "picocolors@1.1.1": {
      "integrity": "sha512-xceH2snhtb5M9liqDsmEw56le376mTZkEX/jEb/RxNFyegNul7eNslCXP9FDj/Lcu0X8KEyMceP2ntpaHrDEVA=="
    },
    "postcss-selector-parser@6.0.10": {
      "integrity": "sha512-IQ7TZdoaqbT+LCpShg46jnZVlhWD2w6iQYAcYXfHARZ7X1t/UGhhceQDs5X0cGqKvYlHNOuv7Oa1xmb0oQuA3w==",
      "dependencies": [
        "cssesc",
        "util-deprecate"
      ]
    },
    "postcss@8.5.3": {
      "integrity": "sha512-dle9A3yYxlBSrt8Fu+IpjGT8SY8hN0mlaA6GY8t0P5PjIOZemULz/E2Bnm/2dcUOena75OTNkHI76uZBNUUq3A==",
      "dependencies": [
        "nanoid",
        "picocolors",
        "source-map-js"
      ]
    },
    "query-string@9.1.1": {
      "integrity": "sha512-MWkCOVIcJP9QSKU52Ngow6bsAWAPlPK2MludXvcrS2bGZSl+T1qX9MZvRIkqUIkGLJquMJHWfsT6eRqUpp4aWg==",
      "dependencies": [
        "decode-uri-component",
        "filter-obj",
        "split-on-first"
      ]
    },
    "ramda@0.26.1": {
      "integrity": "sha512-hLWjpy7EnsDBb0p+Z3B7rPi3GDeRG5ZtiI33kJhTt+ORCd38AbAIjB/9zRIUoeTbE/AVX5ZkU7m6bznsvrf8eQ=="
    },
    "readdirp@4.1.2": {
      "integrity": "sha512-GDhwkLfywWL2s6vEjyhri+eXmfH6j1L7JE27WhqLeYzoh/A3DBaYGEj2H/HFZCn/kMfim73FXxEJTw06WtxQwg=="
    },
    "rollup@4.39.0": {
      "integrity": "sha512-thI8kNc02yNvnmJp8dr3fNWJ9tCONDhp6TV35X6HkKGGs9E6q7YWCHbe5vKiTa7TAiNcFEmXKj3X/pG2b3ci0g==",
      "dependencies": [
        "@rollup/rollup-android-arm-eabi",
        "@rollup/rollup-android-arm64",
        "@rollup/rollup-darwin-arm64",
        "@rollup/rollup-darwin-x64",
        "@rollup/rollup-freebsd-arm64",
        "@rollup/rollup-freebsd-x64",
        "@rollup/rollup-linux-arm-gnueabihf",
        "@rollup/rollup-linux-arm-musleabihf",
        "@rollup/rollup-linux-arm64-gnu",
        "@rollup/rollup-linux-arm64-musl",
        "@rollup/rollup-linux-loongarch64-gnu",
        "@rollup/rollup-linux-powerpc64le-gnu",
        "@rollup/rollup-linux-riscv64-gnu",
        "@rollup/rollup-linux-riscv64-musl",
        "@rollup/rollup-linux-s390x-gnu",
        "@rollup/rollup-linux-x64-gnu",
        "@rollup/rollup-linux-x64-musl",
        "@rollup/rollup-win32-arm64-msvc",
        "@rollup/rollup-win32-ia32-msvc",
        "@rollup/rollup-win32-x64-msvc",
        "@types/estree",
        "fsevents"
      ]
    },
    "sade@1.8.1": {
      "integrity": "sha512-xal3CZX1Xlo/k4ApwCFrHVACi9fBqJ7V+mwhBsuf/1IOKbBy098Fex+Wa/5QMubw09pSZ/u8EY8PWgevJsXp1A==",
      "dependencies": [
        "mri"
      ]
    },
    "set-cookie-parser@2.7.1": {
      "integrity": "sha512-IOc8uWeOZgnb3ptbCURJWNjWUPcO3ZnTTdzsurqERrP6nPyv+paC55vJM0LpOlT2ne+Ix+9+CRG1MNLlyZ4GjQ=="
    },
    "sirv@3.0.1": {
      "integrity": "sha512-FoqMu0NCGBLCcAkS1qA+XJIQTR6/JHfQXl+uGteNCQ76T91DMUjPa9xfmeqMY3z80nLSg9yQmNjK0Px6RWsH/A==",
      "dependencies": [
        "@polka/url",
        "mrmime",
        "totalist"
      ]
    },
    "source-map-js@1.2.1": {
      "integrity": "sha512-UXWMKhLOwVKb728IUtQPXxfYU+usdybtUrK/8uGE8CQMvrhOpwvzDBwj0QhSL7MQc7vIsISBG8VQ8+IDQxpfQA=="
    },
    "split-on-first@3.0.0": {
      "integrity": "sha512-qxQJTx2ryR0Dw0ITYyekNQWpz6f8dGd7vffGNflQQ3Iqj9NJ6qiZ7ELpZsJ/QBhIVAiDfXdag3+Gp8RvWa62AA=="
    },
    "svelte-check@4.1.5_svelte@5.25.7__acorn@8.14.1_typescript@5.8.3": {
      "integrity": "sha512-Gb0T2IqBNe1tLB9EB1Qh+LOe+JB8wt2/rNBDGvkxQVvk8vNeAoG+vZgFB/3P5+zC7RWlyBlzm9dVjZFph/maIg==",
      "dependencies": [
        "@jridgewell/trace-mapping",
        "chokidar",
        "fdir",
        "picocolors",
        "sade",
        "svelte",
        "typescript"
      ]
    },
    "svelte@5.25.7_acorn@8.14.1": {
      "integrity": "sha512-0fzXbXaKfSvFUs6Wxev2h4CoEhexZotbTF9EJ4+Cg7MHW64ZnZ9+xUedZyEpgj0Tt9HrYGv9aASHkqjn9b/cPw==",
      "dependencies": [
        "@ampproject/remapping",
        "@jridgewell/sourcemap-codec",
        "@sveltejs/acorn-typescript",
        "@types/estree",
        "acorn",
        "aria-query",
        "axobject-query",
        "clsx",
        "esm-env",
        "esrap",
        "is-reference",
        "locate-character",
        "magic-string",
        "zimmerframe"
      ]
    },
    "tailwindcss@4.1.3": {
      "integrity": "sha512-2Q+rw9vy1WFXu5cIxlvsabCwhU2qUwodGq03ODhLJ0jW4ek5BUtoCsnLB0qG+m8AHgEsSJcJGDSDe06FXlP74g=="
    },
    "tapable@2.2.1": {
      "integrity": "sha512-GNzQvQTOIP6RyTfE2Qxb8ZVlNmw0n88vp1szwWRimP02mnTsx3Wtn5qRdqY9w2XduFNUgvOwhNnQsjwCp+kqaQ=="
    },
    "totalist@3.0.1": {
      "integrity": "sha512-sf4i37nQ2LBx4m3wB74y+ubopq6W/dIzXg0FDGjsYnZHVa1Da8FH853wlL2gtUhg+xJXjfk3kUZS3BRoQeoQBQ=="
    },
    "ts-json-api@1.2.0": {
      "integrity": "sha512-hrH/m9KvidS6gHIfZwH3v/9Jb92CVZvJvFYQrpBDyHhBgWcKa2ol9hPAifEn8u4dpjnvuHG6xZoJgxHfGM5ouw==",
      "dependencies": [
        "ramda"
      ]
    },
    "typescript@5.8.3": {
      "integrity": "sha512-p1diW6TqL9L07nNxvRMM7hMMw4c5XOo/1ibL4aAIGmSAt9slTE1Xgw5KWuof2uTOvCg9BY7ZRi+GaF+7sfgPeQ=="
    },
    "util-deprecate@1.0.2": {
      "integrity": "sha512-EPD5q1uXyFxJpCrLnCc1nHnq3gOa6DZBocAIiI2TaSCA7VCJ1UJDMagCzIkXNsUYfD1daK//LTEQ8xiIbrHtcw=="
    },
    "vite@6.2.5": {
      "integrity": "sha512-j023J/hCAa4pRIUH6J9HemwYfjB5llR2Ps0CWeikOtdR8+pAURAk0DoJC5/mm9kd+UgdnIy7d6HE4EAvlYhPhA==",
      "dependencies": [
        "esbuild",
        "fsevents",
        "postcss",
        "rollup"
      ]
    },
    "vitefu@1.0.6_vite@6.2.5": {
      "integrity": "sha512-+Rex1GlappUyNN6UfwbVZne/9cYC4+R2XDk9xkNXBKMw6HQagdX9PgZ8V2v1WUSK1wfBLp7qbI1+XSNIlB1xmA==",
      "dependencies": [
        "vite"
      ]
    },
    "zimmerframe@1.1.2": {
      "integrity": "sha512-rAbqEGa8ovJy4pyBxZM70hg4pE6gDgaQ0Sl9M3enG3I0d6H4XSAM3GeNGLKnsBpuijUow064sf7ww1nutC5/3w=="
    }
  },
  "workspace": {
    "packageJson": {
      "dependencies": [
        "npm:@sveltejs/adapter-auto@4",
        "npm:@sveltejs/kit@^2.16.0",
        "npm:@sveltejs/vite-plugin-svelte@5",
        "npm:@tailwindcss/typography@~0.5.15",
        "npm:@tailwindcss/vite@4",
        "npm:ky@^1.8.0",
        "npm:query-string@^9.1.1",
        "npm:svelte-check@4",
        "npm:svelte@5",
        "npm:tailwindcss@4",
        "npm:ts-json-api@^1.2.0",
        "npm:typescript@5",
        "npm:vite@^6.2.5"
      ]
    }
  }
}
